
Microsoft Visual Studio Solution File, Format Version 12.00
# Visual Studio 14
VisualStudioVersion = 14.0.23107.0
MinimumVisualStudioVersion = 10.0.40219.1
Project("{FAE04EC0-301F-11D3-BF4B-00C04F79EFBC}") = "Board2", "Board2\Board2.csproj", "{3A958F90-6EB8-4D7E-BF2C-7552F20A9128}"
EndProject
Global
	GlobalSection(SolutionConfigurationPlatforms) = preSolution
		Debug|Any CPU = Debug|Any CPU
		Release|Any CPU = Release|Any CPU
	EndGlobalSection
	GlobalSection(ProjectConfigurationPlatforms) = postSolution
		{3A958F90-6EB8-4D7E-BF2C-7552F20A9128}.Debug|Any CPU.ActiveCfg = Debug|Any CPU
		{3A958F90-6EB8-4D7E-BF2C-7552F20A9128}.Debug|Any CPU.Build.0 = Debug|Any CPU
		{3A958F90-6EB8-4D7E-BF2C-7552F20A9128}.Release|Any CPU.ActiveCfg = Release|Any CPU
		{3A958F90-6EB8-4D7E-BF2C-7552F20A9128}.Release|Any CPU.Build.0 = Release|Any CPU
	EndGlobalSection
	GlobalSection(SolutionProperties) = preSolution
		HideSolutionNode = FALSE
	EndGlobalSection
EndGlobal
